{
  "name": "item-test",
  "version": "0.0.1",
  "lockfileVersion": 2,
  "requires": true,
  "packages": {
    "": {
      "name": "item-test",
      "version": "0.0.1",
      "license": "MIT",
      "dependencies": {
        "@sandstone/item": "file:../dist"
      }
    },
    "../dist": {
      "version": "0.0.1",
      "license": "MIT"
    },
    "node_modules/@sandstone/item": {
      "resolved": "../dist",
      "link": true
    }
  },
  "dependencies": {
    "@sandstone/item": {
      "version": "file:../dist"
    }
  }
}
